// !$*UTF8*$!
{
	archiveVersion = 1;
	classes = {
	};
	objectVersion = 46;
	objects = {

/* Begin PBXBuildFile section */
		F40395AA15E92F47000F7DFE /* SGHTTPURLProtocol.m in Sources */ = {isa = PBXBuildFile; fileRef = F40395A915E92F47000F7DFE /* SGHTTPURLProtocol.m */; };
		F40395B015E93193000F7DFE /* CFNetwork.framework in Frameworks */ = {isa = PBXBuildFile; fileRef = F40395AF15E93193000F7DFE /* CFNetwork.framework */; };
		F4BBDEB915E80D79000C9546 /* UIKit.framework in Frameworks */ = {isa = PBXBuildFile; fileRef = F4BBDEB815E80D79000C9546 /* UIKit.framework */; };
		F4BBDEBB15E80D79000C9546 /* Foundation.framework in Frameworks */ = {isa = PBXBuildFile; fileRef = F4BBDEBA15E80D79000C9546 /* Foundation.framework */; };
		F4BBDEBD15E80D79000C9546 /* CoreGraphics.framework in Frameworks */ = {isa = PBXBuildFile; fileRef = F4BBDEBC15E80D79000C9546 /* CoreGraphics.framework */; };
		F4D1778E15EAC361003B24C2 /* libz.dylib in Frameworks */ = {isa = PBXBuildFile; fileRef = F4D1778D15EAC361003B24C2 /* libz.dylib */; };
		F4D1779215EAC4FE003B24C2 /* NSData+Compress.m in Sources */ = {isa = PBXBuildFile; fileRef = F4D1779115EAC4FE003B24C2 /* NSData+Compress.m */; };
		F4D66B5115E82E6F0084EA36 /* Security.framework in Frameworks */ = {isa = PBXBuildFile; fileRef = F4D66B5015E82E6F0084EA36 /* Security.framework */; };
		F4F91D2C15EA1B5B003FB322 /* SGViewController.xib in Resources */ = {isa = PBXBuildFile; fileRef = F4F91D2215EA1B5B003FB322 /* SGViewController.xib */; };
		F4F91D2D15EA1B5B003FB322 /* main.m in Sources */ = {isa = PBXBuildFile; fileRef = F4F91D2415EA1B5B003FB322 /* main.m */; };
		F4F91D2E15EA1B5B003FB322 /* SGAppDelegate.m in Sources */ = {isa = PBXBuildFile; fileRef = F4F91D2615EA1B5B003FB322 /* SGAppDelegate.m */; };
		F4F91D3015EA1B5B003FB322 /* SGViewController.m in Sources */ = {isa = PBXBuildFile; fileRef = F4F91D2A15EA1B5B003FB322 /* SGViewController.m */; };
		F4F91D3315EA1B9F003FB322 /* SGHTTPAuthenticationChallenge.m in Sources */ = {isa = PBXBuildFile; fileRef = F4F91D3215EA1B9F003FB322 /* SGHTTPAuthenticationChallenge.m */; };
		F4F91D3615EA1BFF003FB322 /* SGHTTPURLResponse.m in Sources */ = {isa = PBXBuildFile; fileRef = F4F91D3515EA1BFF003FB322 /* SGHTTPURLResponse.m */; };
/* End PBXBuildFile section */

/* Begin PBXFileReference section */
		F40395A815E92F47000F7DFE /* SGHTTPURLProtocol.h */ = {isa = PBXFileReference; fileEncoding = 4; lastKnownFileType = sourcecode.c.h; path = SGHTTPURLProtocol.h; sourceTree = "<group>"; };
		F40395A915E92F47000F7DFE /* SGHTTPURLProtocol.m */ = {isa = PBXFileReference; fileEncoding = 4; lastKnownFileType = sourcecode.c.objc; path = SGHTTPURLProtocol.m; sourceTree = "<group>"; };
		F40395AF15E93193000F7DFE /* CFNetwork.framework */ = {isa = PBXFileReference; lastKnownFileType = wrapper.framework; name = CFNetwork.framework; path = System/Library/Frameworks/CFNetwork.framework; sourceTree = SDKROOT; };
		F4AE2B4615ECEAF600882CC2 /* SGURLProtocol.h */ = {isa = PBXFileReference; lastKnownFileType = sourcecode.c.h; path = SGURLProtocol.h; sourceTree = "<group>"; };
		F4BBDEB415E80D79000C9546 /* SGURLProtocol.app */ = {isa = PBXFileReference; explicitFileType = wrapper.application; includeInIndex = 0; path = SGURLProtocol.app; sourceTree = BUILT_PRODUCTS_DIR; };
		F4BBDEB815E80D79000C9546 /* UIKit.framework */ = {isa = PBXFileReference; lastKnownFileType = wrapper.framework; name = UIKit.framework; path = System/Library/Frameworks/UIKit.framework; sourceTree = SDKROOT; };
		F4BBDEBA15E80D79000C9546 /* Foundation.framework */ = {isa = PBXFileReference; lastKnownFileType = wrapper.framework; name = Foundation.framework; path = System/Library/Frameworks/Foundation.framework; sourceTree = SDKROOT; };
		F4BBDEBC15E80D79000C9546 /* CoreGraphics.framework */ = {isa = PBXFileReference; lastKnownFileType = wrapper.framework; name = CoreGraphics.framework; path = System/Library/Frameworks/CoreGraphics.framework; sourceTree = SDKROOT; };
		F4D1778D15EAC361003B24C2 /* libz.dylib */ = {isa = PBXFileReference; lastKnownFileType = "compiled.mach-o.dylib"; name = libz.dylib; path = usr/lib/libz.dylib; sourceTree = SDKROOT; };
		F4D1779015EAC4FE003B24C2 /* NSData+Compress.h */ = {isa = PBXFileReference; fileEncoding = 4; lastKnownFileType = sourcecode.c.h; path = "NSData+Compress.h"; sourceTree = "<group>"; };
		F4D1779115EAC4FE003B24C2 /* NSData+Compress.m */ = {isa = PBXFileReference; fileEncoding = 4; lastKnownFileType = sourcecode.c.objc; path = "NSData+Compress.m"; sourceTree = "<group>"; };
		F4D66B5015E82E6F0084EA36 /* Security.framework */ = {isa = PBXFileReference; lastKnownFileType = wrapper.framework; name = Security.framework; path = System/Library/Frameworks/Security.framework; sourceTree = SDKROOT; };
		F4F91D2115EA1B5B003FB322 /* en */ = {isa = PBXFileReference; lastKnownFileType = text.plist.strings; name = en; path = en.lproj/InfoPlist.strings; sourceTree = "<group>"; };
		F4F91D2315EA1B5B003FB322 /* en */ = {isa = PBXFileReference; lastKnownFileType = file.xib; name = en; path = en.lproj/SGViewController.xib; sourceTree = "<group>"; };
		F4F91D2415EA1B5B003FB322 /* main.m */ = {isa = PBXFileReference; fileEncoding = 4; lastKnownFileType = sourcecode.c.objc; path = main.m; sourceTree = "<group>"; };
		F4F91D2515EA1B5B003FB322 /* SGAppDelegate.h */ = {isa = PBXFileReference; fileEncoding = 4; lastKnownFileType = sourcecode.c.h; path = SGAppDelegate.h; sourceTree = "<group>"; };
		F4F91D2615EA1B5B003FB322 /* SGAppDelegate.m */ = {isa = PBXFileReference; fileEncoding = 4; lastKnownFileType = sourcecode.c.objc; path = SGAppDelegate.m; sourceTree = "<group>"; };
		F4F91D2715EA1B5B003FB322 /* SGURLProtocol-Info.plist */ = {isa = PBXFileReference; fileEncoding = 4; lastKnownFileType = text.plist.xml; path = "SGURLProtocol-Info.plist"; sourceTree = "<group>"; };
		F4F91D2815EA1B5B003FB322 /* SGURLProtocol-Prefix.pch */ = {isa = PBXFileReference; fileEncoding = 4; lastKnownFileType = sourcecode.c.h; path = "SGURLProtocol-Prefix.pch"; sourceTree = "<group>"; };
		F4F91D2915EA1B5B003FB322 /* SGViewController.h */ = {isa = PBXFileReference; fileEncoding = 4; lastKnownFileType = sourcecode.c.h; path = SGViewController.h; sourceTree = "<group>"; };
		F4F91D2A15EA1B5B003FB322 /* SGViewController.m */ = {isa = PBXFileReference; fileEncoding = 4; lastKnownFileType = sourcecode.c.objc; path = SGViewController.m; sourceTree = "<group>"; };
		F4F91D3115EA1B9F003FB322 /* SGHTTPAuthenticationChallenge.h */ = {isa = PBXFileReference; fileEncoding = 4; lastKnownFileType = sourcecode.c.h; path = SGHTTPAuthenticationChallenge.h; sourceTree = "<group>"; };
		F4F91D3215EA1B9F003FB322 /* SGHTTPAuthenticationChallenge.m */ = {isa = PBXFileReference; fileEncoding = 4; lastKnownFileType = sourcecode.c.objc; path = SGHTTPAuthenticationChallenge.m; sourceTree = "<group>"; };
		F4F91D3415EA1BFF003FB322 /* SGHTTPURLResponse.h */ = {isa = PBXFileReference; fileEncoding = 4; lastKnownFileType = sourcecode.c.h; path = SGHTTPURLResponse.h; sourceTree = "<group>"; };
		F4F91D3515EA1BFF003FB322 /* SGHTTPURLResponse.m */ = {isa = PBXFileReference; fileEncoding = 4; lastKnownFileType = sourcecode.c.objc; path = SGHTTPURLResponse.m; sourceTree = "<group>"; };
/* End PBXFileReference section */

/* Begin PBXFrameworksBuildPhase section */
		F4BBDEB115E80D79000C9546 /* Frameworks */ = {
			isa = PBXFrameworksBuildPhase;
			buildActionMask = 2147483647;
			files = (
				F4D1778E15EAC361003B24C2 /* libz.dylib in Frameworks */,
				F40395B015E93193000F7DFE /* CFNetwork.framework in Frameworks */,
				F4D66B5115E82E6F0084EA36 /* Security.framework in Frameworks */,
				F4BBDEB915E80D79000C9546 /* UIKit.framework in Frameworks */,
				F4BBDEBB15E80D79000C9546 /* Foundation.framework in Frameworks */,
				F4BBDEBD15E80D79000C9546 /* CoreGraphics.framework in Frameworks */,
			);
			runOnlyForDeploymentPostprocessing = 0;
		};
/* End PBXFrameworksBuildPhase section */

/* Begin PBXGroup section */
		F4BBDEA915E80D79000C9546 = {
			isa = PBXGroup;
			children = (
				F4F91D1F15EA1B5B003FB322 /* Demo */,
				F4BBDEBE15E80D79000C9546 /* SGURLProtocol */,
				F4BBDEB715E80D79000C9546 /* Frameworks */,
				F4BBDEB515E80D79000C9546 /* Products */,
			);
			sourceTree = "<group>";
		};
		F4BBDEB515E80D79000C9546 /* Products */ = {
			isa = PBXGroup;
			children = (
				F4BBDEB415E80D79000C9546 /* SGURLProtocol.app */,
			);
			name = Products;
			sourceTree = "<group>";
		};
		F4BBDEB715E80D79000C9546 /* Frameworks */ = {
			isa = PBXGroup;
			children = (
				F4D1778D15EAC361003B24C2 /* libz.dylib */,
				F40395AF15E93193000F7DFE /* CFNetwork.framework */,
				F4D66B5015E82E6F0084EA36 /* Security.framework */,
				F4BBDEB815E80D79000C9546 /* UIKit.framework */,
				F4BBDEBA15E80D79000C9546 /* Foundation.framework */,
				F4BBDEBC15E80D79000C9546 /* CoreGraphics.framework */,
			);
			name = Frameworks;
			sourceTree = "<group>";
		};
		F4BBDEBE15E80D79000C9546 /* SGURLProtocol */ = {
			isa = PBXGroup;
			children = (
				F4AE2B4615ECEAF600882CC2 /* SGURLProtocol.h */,
				F40395A815E92F47000F7DFE /* SGHTTPURLProtocol.h */,
				F40395A915E92F47000F7DFE /* SGHTTPURLProtocol.m */,
				F4F91D3115EA1B9F003FB322 /* SGHTTPAuthenticationChallenge.h */,
				F4F91D3215EA1B9F003FB322 /* SGHTTPAuthenticationChallenge.m */,
				F4F91D3415EA1BFF003FB322 /* SGHTTPURLResponse.h */,
				F4F91D3515EA1BFF003FB322 /* SGHTTPURLResponse.m */,
				F4D1779015EAC4FE003B24C2 /* NSData+Compress.h */,
				F4D1779115EAC4FE003B24C2 /* NSData+Compress.m */,
			);
			path = SGURLProtocol;
			sourceTree = "<group>";
		};
		F4F91D1F15EA1B5B003FB322 /* Demo */ = {
			isa = PBXGroup;
			children = (
				F4F91D2015EA1B5B003FB322 /* InfoPlist.strings */,
				F4F91D2215EA1B5B003FB322 /* SGViewController.xib */,
				F4F91D2415EA1B5B003FB322 /* main.m */,
				F4F91D2515EA1B5B003FB322 /* SGAppDelegate.h */,
				F4F91D2615EA1B5B003FB322 /* SGAppDelegate.m */,
				F4F91D2715EA1B5B003FB322 /* SGURLProtocol-Info.plist */,
				F4F91D2815EA1B5B003FB322 /* SGURLProtocol-Prefix.pch */,
				F4F91D2915EA1B5B003FB322 /* SGViewController.h */,
				F4F91D2A15EA1B5B003FB322 /* SGViewController.m */,
			);
			path = Demo;
			sourceTree = "<group>";
		};
/* End PBXGroup section */

/* Begin PBXNativeTarget section */
		F4BBDEB315E80D79000C9546 /* SGURLProtocol */ = {
			isa = PBXNativeTarget;
			buildConfigurationList = F4BBDED515E80D79000C9546 /* Build configuration list for PBXNativeTarget "SGURLProtocol" */;
			buildPhases = (
				F4BBDEB015E80D79000C9546 /* Sources */,
				F4BBDEB115E80D79000C9546 /* Frameworks */,
				F4BBDEB215E80D79000C9546 /* Resources */,
			);
			buildRules = (
			);
			dependencies = (
			);
			name = SGURLProtocol;
			productName = SGProtocol;
			productReference = F4BBDEB415E80D79000C9546 /* SGURLProtocol.app */;
			productType = "com.apple.product-type.application";
		};
/* End PBXNativeTarget section */

/* Begin PBXProject section */
		F4BBDEAB15E80D79000C9546 /* Project object */ = {
			isa = PBXProject;
			attributes = {
				CLASSPREFIX = SG;
				LastUpgradeCheck = 0440;
				ORGANIZATIONNAME = "Simon Grätzer";
			};
			buildConfigurationList = F4BBDEAE15E80D79000C9546 /* Build configuration list for PBXProject "SGURLProtocol" */;
			compatibilityVersion = "Xcode 3.2";
			developmentRegion = English;
			hasScannedForEncodings = 0;
			knownRegions = (
				en,
			);
			mainGroup = F4BBDEA915E80D79000C9546;
			productRefGroup = F4BBDEB515E80D79000C9546 /* Products */;
			projectDirPath = "";
			projectRoot = "";
			targets = (
				F4BBDEB315E80D79000C9546 /* SGURLProtocol */,
			);
		};
/* End PBXProject section */

/* Begin PBXResourcesBuildPhase section */
		F4BBDEB215E80D79000C9546 /* Resources */ = {
			isa = PBXResourcesBuildPhase;
			buildActionMask = 2147483647;
			files = (
				F4F91D2C15EA1B5B003FB322 /* SGViewController.xib in Resources */,
			);
			runOnlyForDeploymentPostprocessing = 0;
		};
/* End PBXResourcesBuildPhase section */

/* Begin PBXSourcesBuildPhase section */
		F4BBDEB015E80D79000C9546 /* Sources */ = {
			isa = PBXSourcesBuildPhase;
			buildActionMask = 2147483647;
			files = (
				F40395AA15E92F47000F7DFE /* SGHTTPURLProtocol.m in Sources */,
				F4F91D2D15EA1B5B003FB322 /* main.m in Sources */,
				F4F91D2E15EA1B5B003FB322 /* SGAppDelegate.m in Sources */,
				F4F91D3015EA1B5B003FB322 /* SGViewController.m in Sources */,
				F4F91D3315EA1B9F003FB322 /* SGHTTPAuthenticationChallenge.m in Sources */,
				F4F91D3615EA1BFF003FB322 /* SGHTTPURLResponse.m in Sources */,
				F4D1779215EAC4FE003B24C2 /* NSData+Compress.m in Sources */,
			);
			runOnlyForDeploymentPostprocessing = 0;
		};
/* End PBXSourcesBuildPhase section */

/* Begin PBXVariantGroup section */
		F4F91D2015EA1B5B003FB322 /* InfoPlist.strings */ = {
			isa = PBXVariantGroup;
			children = (
				F4F91D2115EA1B5B003FB322 /* en */,
			);
			name = InfoPlist.strings;
			sourceTree = "<group>";
		};
		F4F91D2215EA1B5B003FB322 /* SGViewController.xib */ = {
			isa = PBXVariantGroup;
			children = (
				F4F91D2315EA1B5B003FB322 /* en */,
			);
			name = SGViewController.xib;
			sourceTree = "<group>";
		};
/* End PBXVariantGroup section */

/* Begin XCBuildConfiguration section */
		F4BBDED315E80D79000C9546 /* Debug */ = {
			isa = XCBuildConfiguration;
			buildSettings = {
				ALWAYS_SEARCH_USER_PATHS = NO;
				ARCHS = "$(ARCHS_STANDARD_32_BIT)";
				CLANG_CXX_LANGUAGE_STANDARD = "gnu++0x";
				CLANG_ENABLE_OBJC_ARC = YES;
				CLANG_WARN__DUPLICATE_METHOD_MATCH = YES;
				CODE_SIGN_IDENTITY = "iPhone Developer";
				"CODE_SIGN_IDENTITY[sdk=iphoneos*]" = "iPhone Developer";
				COPY_PHASE_STRIP = NO;
				GCC_C_LANGUAGE_STANDARD = gnu99;
				GCC_DYNAMIC_NO_PIC = NO;
				GCC_OPTIMIZATION_LEVEL = 0;
				GCC_PREPROCESSOR_DEFINITIONS = (
					"DEBUG=1",
					"$(inherited)",
				);
				GCC_SYMBOLS_PRIVATE_EXTERN = NO;
				GCC_VERSION = com.apple.compilers.llvm.clang.1_0;
				GCC_WARN_ABOUT_RETURN_TYPE = YES;
				GCC_WARN_UNINITIALIZED_AUTOS = YES;
				GCC_WARN_UNUSED_VARIABLE = YES;
				HEADER_SEARCH_PATHS = "";
				IPHONEOS_DEPLOYMENT_TARGET = 5.1;
				PROVISIONING_PROFILE = "";
				SDKROOT = iphoneos;
				TARGETED_DEVICE_FAMILY = "1,2";
			};
			name = Debug;
		};
		F4BBDED415E80D79000C9546 /* Release */ = {
			isa = XCBuildConfiguration;
			buildSettings = {
				ALWAYS_SEARCH_USER_PATHS = NO;
				ARCHS = "$(ARCHS_STANDARD_32_BIT)";
				CLANG_CXX_LANGUAGE_STANDARD = "gnu++0x";
				CLANG_ENABLE_OBJC_ARC = YES;
				CLANG_WARN__DUPLICATE_METHOD_MATCH = YES;
				CODE_SIGN_IDENTITY = "iPhone Developer";
				"CODE_SIGN_IDENTITY[sdk=iphoneos*]" = "iPhone Developer";
				COPY_PHASE_STRIP = YES;
				GCC_C_LANGUAGE_STANDARD = gnu99;
				GCC_VERSION = com.apple.compilers.llvm.clang.1_0;
				GCC_WARN_ABOUT_RETURN_TYPE = YES;
				GCC_WARN_UNINITIALIZED_AUTOS = YES;
				GCC_WARN_UNUSED_VARIABLE = YES;
				HEADER_SEARCH_PATHS = "";
				IPHONEOS_DEPLOYMENT_TARGET = 5.1;
				OTHER_CFLAGS = "-DNS_BLOCK_ASSERTIONS=1";
				PROVISIONING_PROFILE = "";
				SDKROOT = iphoneos;
				TARGETED_DEVICE_FAMILY = "1,2";
				VALIDATE_PRODUCT = YES;
			};
			name = Release;
		};
		F4BBDED615E80D79000C9546 /* Debug */ = {
			isa = XCBuildConfiguration;
			buildSettings = {
				CODE_SIGN_IDENTITY = "iPhone Developer";
				GCC_PRECOMPILE_PREFIX_HEADER = YES;
				GCC_PREFIX_HEADER = "Demo/SGURLProtocol-Prefix.pch";
				INFOPLIST_FILE = "Demo/SGURLProtocol-Info.plist";
				LIBRARY_SEARCH_PATHS = "$(inherited)";
				PRODUCT_NAME = SGURLProtocol;
				PROVISIONING_PROFILE = "";
				WRAPPER_EXTENSION = app;
			};
			name = Debug;
		};
		F4BBDED715E80D79000C9546 /* Release */ = {
			isa = XCBuildConfiguration;
			buildSettings = {
				CODE_SIGN_IDENTITY = "iPhone Developer";
				GCC_PRECOMPILE_PREFIX_HEADER = YES;
				GCC_PREFIX_HEADER = "Demo/SGURLProtocol-Prefix.pch";
				INFOPLIST_FILE = "Demo/SGURLProtocol-Info.plist";
				LIBRARY_SEARCH_PATHS = "$(inherited)";
				PRODUCT_NAME = SGURLProtocol;
				PROVISIONING_PROFILE = "";
				WRAPPER_EXTENSION = app;
			};
			name = Release;
		};
/* End XCBuildConfiguration section */

/* Begin XCConfigurationList section */
		F4BBDEAE15E80D79000C9546 /* Build configuration list for PBXProject "SGURLProtocol" */ = {
			isa = XCConfigurationList;
			buildConfigurations = (
				F4BBDED315E80D79000C9546 /* Debug */,
				F4BBDED415E80D79000C9546 /* Release */,
			);
			defaultConfigurationIsVisible = 0;
			defaultConfigurationName = Release;
		};
		F4BBDED515E80D79000C9546 /* Build configuration list for PBXNativeTarget "SGURLProtocol" */ = {
			isa = XCConfigurationList;
			buildConfigurations = (
				F4BBDED615E80D79000C9546 /* Debug */,
				F4BBDED715E80D79000C9546 /* Release */,
			);
			defaultConfigurationIsVisible = 0;
			defaultConfigurationName = Release;
		};
/* End XCConfigurationList section */
	};
	rootObject = F4BBDEAB15E80D79000C9546 /* Project object */;
}
